
Microsoft Visual Studio Solution File, Format Version 12.00
# Visual Studio Version 17
VisualStudioVersion = 17.0.32014.148
MinimumVisualStudioVersion = 10.0.40219.1
Project("{FAE04EC0-301F-11D3-BF4B-00C04F79EFBC}") = "NovaLatka", "NovaLatka\NovaLatka.csproj", "{C1123EB5-C71D-49E5-AA66-8D25766D5009}"
EndProject
Global
	GlobalSection(SolutionConfigurationPlatforms) = preSolution
		Debug|Any CPU = Debug|Any CPU
		Release|Any CPU = Release|Any CPU
	EndGlobalSection
	GlobalSection(ProjectConfigurationPlatforms) = postSolution
		{C1123EB5-C71D-49E5-AA66-8D25766D5009}.Debug|Any CPU.ActiveCfg = Debug|Any CPU
		{C1123EB5-C71D-49E5-AA66-8D25766D5009}.Debug|Any CPU.Build.0 = Debug|Any CPU
		{C1123EB5-C71D-49E5-AA66-8D25766D5009}.Release|Any CPU.ActiveCfg = Release|Any CPU
		{C1123EB5-C71D-49E5-AA66-8D25766D5009}.Release|Any CPU.Build.0 = Release|Any CPU
	EndGlobalSection
	GlobalSection(SolutionProperties) = preSolution
		HideSolutionNode = FALSE
	EndGlobalSection
	GlobalSection(ExtensibilityGlobals) = postSolution
		SolutionGuid = {071E0D36-5FF3-4E0E-88AF-209F07D612D0}
	EndGlobalSection
EndGlobal
