
Microsoft Visual Studio Solution File, Format Version 12.00
# Visual Studio Version 17
VisualStudioVersion = 17.0.32014.148
MinimumVisualStudioVersion = 10.0.40219.1
Project("{FAE04EC0-301F-11D3-BF4B-00C04F79EFBC}") = "ErikaFashionForms", "ErikaFashionForms\ErikaFashionForms.csproj", "{1AE197BF-012E-4C26-9BEA-37DD845F29D7}"
EndProject
Global
	GlobalSection(SolutionConfigurationPlatforms) = preSolution
		Debug|Any CPU = Debug|Any CPU
		Release|Any CPU = Release|Any CPU
	EndGlobalSection
	GlobalSection(ProjectConfigurationPlatforms) = postSolution
		{1AE197BF-012E-4C26-9BEA-37DD845F29D7}.Debug|Any CPU.ActiveCfg = Debug|Any CPU
		{1AE197BF-012E-4C26-9BEA-37DD845F29D7}.Debug|Any CPU.Build.0 = Debug|Any CPU
		{1AE197BF-012E-4C26-9BEA-37DD845F29D7}.Release|Any CPU.ActiveCfg = Release|Any CPU
		{1AE197BF-012E-4C26-9BEA-37DD845F29D7}.Release|Any CPU.Build.0 = Release|Any CPU
	EndGlobalSection
	GlobalSection(SolutionProperties) = preSolution
		HideSolutionNode = FALSE
	EndGlobalSection
	GlobalSection(ExtensibilityGlobals) = postSolution
		SolutionGuid = {6B7956CF-ABF3-4D23-9CB8-A71EC1E35E28}
	EndGlobalSection
EndGlobal
