
Microsoft Visual Studio Solution File, Format Version 12.00
# Visual Studio Version 17
VisualStudioVersion = 17.0.32014.148
MinimumVisualStudioVersion = 10.0.40219.1
Project("{FAE04EC0-301F-11D3-BF4B-00C04F79EFBC}") = "Písemná práce", "Písemná práce\Písemná práce.csproj", "{D33A53AC-8C43-418C-B53F-E84F98B62E03}"
EndProject
Global
	GlobalSection(SolutionConfigurationPlatforms) = preSolution
		Debug|Any CPU = Debug|Any CPU
		Release|Any CPU = Release|Any CPU
	EndGlobalSection
	GlobalSection(ProjectConfigurationPlatforms) = postSolution
		{D33A53AC-8C43-418C-B53F-E84F98B62E03}.Debug|Any CPU.ActiveCfg = Debug|Any CPU
		{D33A53AC-8C43-418C-B53F-E84F98B62E03}.Debug|Any CPU.Build.0 = Debug|Any CPU
		{D33A53AC-8C43-418C-B53F-E84F98B62E03}.Release|Any CPU.ActiveCfg = Release|Any CPU
		{D33A53AC-8C43-418C-B53F-E84F98B62E03}.Release|Any CPU.Build.0 = Release|Any CPU
	EndGlobalSection
	GlobalSection(SolutionProperties) = preSolution
		HideSolutionNode = FALSE
	EndGlobalSection
	GlobalSection(ExtensibilityGlobals) = postSolution
		SolutionGuid = {FBC6DBB7-12E9-49EC-A5DB-341925DB85A9}
	EndGlobalSection
EndGlobal
