
Microsoft Visual Studio Solution File, Format Version 12.00
# Visual Studio Version 17
VisualStudioVersion = 17.0.32014.148
MinimumVisualStudioVersion = 10.0.40219.1
Project("{FAE04EC0-301F-11D3-BF4B-00C04F79EFBC}") = "Smazat", "Smazat\Smazat.csproj", "{23C8FD58-C898-4D94-A5D0-2E8AC7401469}"
EndProject
Global
	GlobalSection(SolutionConfigurationPlatforms) = preSolution
		Debug|Any CPU = Debug|Any CPU
		Release|Any CPU = Release|Any CPU
	EndGlobalSection
	GlobalSection(ProjectConfigurationPlatforms) = postSolution
		{23C8FD58-C898-4D94-A5D0-2E8AC7401469}.Debug|Any CPU.ActiveCfg = Debug|Any CPU
		{23C8FD58-C898-4D94-A5D0-2E8AC7401469}.Debug|Any CPU.Build.0 = Debug|Any CPU
		{23C8FD58-C898-4D94-A5D0-2E8AC7401469}.Release|Any CPU.ActiveCfg = Release|Any CPU
		{23C8FD58-C898-4D94-A5D0-2E8AC7401469}.Release|Any CPU.Build.0 = Release|Any CPU
	EndGlobalSection
	GlobalSection(SolutionProperties) = preSolution
		HideSolutionNode = FALSE
	EndGlobalSection
	GlobalSection(ExtensibilityGlobals) = postSolution
		SolutionGuid = {5E7E23FB-C849-43FC-B369-1D05E947CCEB}
	EndGlobalSection
EndGlobal
